
Microsoft Visual Studio Solution File, Format Version 12.00
# Visual Studio Version 17
VisualStudioVersion = 17.7.34031.279
MinimumVisualStudioVersion = 10.0.40219.1
Project("{FAE04EC0-301F-11D3-BF4B-00C04F79EFBC}") = "webapi.event+.codeFirst", "webapi.event+.codeFirst.csproj", "{FE5BAA37-0CAA-4E15-9E4D-517329225584}"
EndProject
Global
	GlobalSection(SolutionConfigurationPlatforms) = preSolution
		Debug|Any CPU = Debug|Any CPU
		Release|Any CPU = Release|Any CPU
	EndGlobalSection
	GlobalSection(ProjectConfigurationPlatforms) = postSolution
		{FE5BAA37-0CAA-4E15-9E4D-517329225584}.Debug|Any CPU.ActiveCfg = Debug|Any CPU
		{FE5BAA37-0CAA-4E15-9E4D-517329225584}.Debug|Any CPU.Build.0 = Debug|Any CPU
		{FE5BAA37-0CAA-4E15-9E4D-517329225584}.Release|Any CPU.ActiveCfg = Release|Any CPU
		{FE5BAA37-0CAA-4E15-9E4D-517329225584}.Release|Any CPU.Build.0 = Release|Any CPU
	EndGlobalSection
	GlobalSection(SolutionProperties) = preSolution
		HideSolutionNode = FALSE
	EndGlobalSection
	GlobalSection(ExtensibilityGlobals) = postSolution
		SolutionGuid = {05E81FF5-1D85-43AD-92AA-32102C2681B3}
	EndGlobalSection
EndGlobal
